
Microsoft Visual Studio Solution File, Format Version 12.00
# Visual Studio Version 17
VisualStudioVersion = 17.13.35919.96 d17.13
MinimumVisualStudioVersion = 10.0.40219.1
Project("{FAE04EC0-301F-11D3-BF4B-00C04F79EFBC}") = "secure_bot_apk", "secure_bot_apk\secure_bot_apk.csproj", "{96B6DCFB-F56B-494F-939D-E742F1D16110}"
EndProject
Global
	GlobalSection(SolutionConfigurationPlatforms) = preSolution
		Debug|Any CPU = Debug|Any CPU
		Release|Any CPU = Release|Any CPU
	EndGlobalSection
	GlobalSection(ProjectConfigurationPlatforms) = postSolution
		{96B6DCFB-F56B-494F-939D-E742F1D16110}.Debug|Any CPU.ActiveCfg = Debug|Any CPU
		{96B6DCFB-F56B-494F-939D-E742F1D16110}.Debug|Any CPU.Build.0 = Debug|Any CPU
		{96B6DCFB-F56B-494F-939D-E742F1D16110}.Release|Any CPU.ActiveCfg = Release|Any CPU
		{96B6DCFB-F56B-494F-939D-E742F1D16110}.Release|Any CPU.Build.0 = Release|Any CPU
	EndGlobalSection
	GlobalSection(SolutionProperties) = preSolution
		HideSolutionNode = FALSE
	EndGlobalSection
	GlobalSection(ExtensibilityGlobals) = postSolution
		SolutionGuid = {902550A9-5FD4-4CE3-9849-E501292CF949}
	EndGlobalSection
EndGlobal
